// !$*UTF8*$!
{
	archiveVersion = 1;
	classes = {
	};
	objectVersion = 55;
	objects = {

/* Begin PBXBuildFile section */
		94293EC6AE9FDEC99F2E8FC2 /* Pods_Baby_Sleeper_Baby_SleeperUITests.framework in Frameworks */ = {isa = PBXBuildFile; fileRef = 0C416C83DD47A464524A5579 /* Pods_Baby_Sleeper_Baby_SleeperUITests.framework */; };
		A98779990B3B86EA92DC7069 /* Pods_Baby_Sleeper.framework in Frameworks */ = {isa = PBXBuildFile; fileRef = 8A063A130F4ABCE80BE16938 /* Pods_Baby_Sleeper.framework */; };
		B7060B1D28944F0600FF042D /* AppDelegate.swift in Sources */ = {isa = PBXBuildFile; fileRef = B7060B1C28944F0600FF042D /* AppDelegate.swift */; };
		B7060B1F28944F0600FF042D /* SceneDelegate.swift in Sources */ = {isa = PBXBuildFile; fileRef = B7060B1E28944F0600FF042D /* SceneDelegate.swift */; };
		B7060B2128944F0600FF042D /* ViewController.swift in Sources */ = {isa = PBXBuildFile; fileRef = B7060B2028944F0600FF042D /* ViewController.swift */; };
		B7060B2428944F0600FF042D /* Main.storyboard in Resources */ = {isa = PBXBuildFile; fileRef = B7060B2228944F0600FF042D /* Main.storyboard */; };
		B7060B2628944F0800FF042D /* Assets.xcassets in Resources */ = {isa = PBXBuildFile; fileRef = B7060B2528944F0800FF042D /* Assets.xcassets */; };
		B7060B2928944F0800FF042D /* LaunchScreen.storyboard in Resources */ = {isa = PBXBuildFile; fileRef = B7060B2728944F0800FF042D /* LaunchScreen.storyboard */; };
		B7060B3428944F0800FF042D /* Baby_SleeperTests.swift in Sources */ = {isa = PBXBuildFile; fileRef = B7060B3328944F0800FF042D /* Baby_SleeperTests.swift */; };
		B7060B3E28944F0800FF042D /* Baby_SleeperUITests.swift in Sources */ = {isa = PBXBuildFile; fileRef = B7060B3D28944F0800FF042D /* Baby_SleeperUITests.swift */; };
		B7060B4028944F0800FF042D /* Baby_SleeperUITestsLaunchTests.swift in Sources */ = {isa = PBXBuildFile; fileRef = B7060B3F28944F0800FF042D /* Baby_SleeperUITestsLaunchTests.swift */; };
		B7060B5128945CCE00FF042D /* SettingsViewController.swift in Sources */ = {isa = PBXBuildFile; fileRef = B7060B5028945CCE00FF042D /* SettingsViewController.swift */; };
		B7060B5428945D2900FF042D /* SettingsTableViewCell.swift in Sources */ = {isa = PBXBuildFile; fileRef = B7060B5328945D2900FF042D /* SettingsTableViewCell.swift */; };
		B7060B5628945DFC00FF042D /* Extension.swift in Sources */ = {isa = PBXBuildFile; fileRef = B7060B5528945DFB00FF042D /* Extension.swift */; };
		B7060B5928946EB800FF042D /* PlayerViewController.swift in Sources */ = {isa = PBXBuildFile; fileRef = B7060B5828946EB800FF042D /* PlayerViewController.swift */; };
		B7060B5B28946EEE00FF042D /* PlayerCollectionViewCell.swift in Sources */ = {isa = PBXBuildFile; fileRef = B7060B5A28946EEE00FF042D /* PlayerCollectionViewCell.swift */; };
		B720D0B6289853DD004B2715 /* RemoveViewController.swift in Sources */ = {isa = PBXBuildFile; fileRef = B720D0B5289853DD004B2715 /* RemoveViewController.swift */; };
		B75447A2289724DF009488E4 /* CeraPro-Medium.otf in Resources */ = {isa = PBXBuildFile; fileRef = B754479F289723CF009488E4 /* CeraPro-Medium.otf */; };
		B75447A5289725D0009488E4 /* TimerViewController.swift in Sources */ = {isa = PBXBuildFile; fileRef = B75447A4289725D0009488E4 /* TimerViewController.swift */; };
		B765A91928955B6A0009BC1C /* MixViewController.swift in Sources */ = {isa = PBXBuildFile; fileRef = B765A91828955B6A0009BC1C /* MixViewController.swift */; };
		B765A91C28955BA40009BC1C /* MixesTableViewCell.swift in Sources */ = {isa = PBXBuildFile; fileRef = B765A91B28955BA40009BC1C /* MixesTableViewCell.swift */; };
		B767780F2897E0BE006D7D94 /* Infinity.mp3 in Resources */ = {isa = PBXBuildFile; fileRef = B76778002897E0BD006D7D94 /* Infinity.mp3 */; };
		B76778102897E0BE006D7D94 /* Soul.mp3 in Resources */ = {isa = PBXBuildFile; fileRef = B76778012897E0BD006D7D94 /* Soul.mp3 */; };
		B76778112897E0BE006D7D94 /* Sky.mp3 in Resources */ = {isa = PBXBuildFile; fileRef = B76778022897E0BD006D7D94 /* Sky.mp3 */; };
		B76778122897E0BE006D7D94 /* Far Away.mp3 in Resources */ = {isa = PBXBuildFile; fileRef = B76778032897E0BD006D7D94 /* Far Away.mp3 */; };
		B76778132897E0BE006D7D94 /* Stars.mp3 in Resources */ = {isa = PBXBuildFile; fileRef = B76778042897E0BD006D7D94 /* Stars.mp3 */; };
		B76778142897E0BE006D7D94 /* Relax.mp3 in Resources */ = {isa = PBXBuildFile; fileRef = B76778052897E0BE006D7D94 /* Relax.mp3 */; };
		B76778152897E0BE006D7D94 /* Rainbow.mp3 in Resources */ = {isa = PBXBuildFile; fileRef = B76778062897E0BE006D7D94 /* Rainbow.mp3 */; };
		B76778162897E0BE006D7D94 /* Life.mp3 in Resources */ = {isa = PBXBuildFile; fileRef = B76778072897E0BE006D7D94 /* Life.mp3 */; };
		B76778172897E0BE006D7D94 /* Silence.mp3 in Resources */ = {isa = PBXBuildFile; fileRef = B76778082897E0BE006D7D94 /* Silence.mp3 */; };
		B76778182897E0BE006D7D94 /* History.mp3 in Resources */ = {isa = PBXBuildFile; fileRef = B76778092897E0BE006D7D94 /* History.mp3 */; };
		B76778192897E0BE006D7D94 /* Memories.mp3 in Resources */ = {isa = PBXBuildFile; fileRef = B767780A2897E0BE006D7D94 /* Memories.mp3 */; };
		B767781A2897E0BE006D7D94 /* Fly.mp3 in Resources */ = {isa = PBXBuildFile; fileRef = B767780B2897E0BE006D7D94 /* Fly.mp3 */; };
		B767781B2897E0BE006D7D94 /* Love.mp3 in Resources */ = {isa = PBXBuildFile; fileRef = B767780C2897E0BE006D7D94 /* Love.mp3 */; };
		B767781C2897E0BE006D7D94 /* Peace.mp3 in Resources */ = {isa = PBXBuildFile; fileRef = B767780D2897E0BE006D7D94 /* Peace.mp3 */; };
		B767781D2897E0BE006D7D94 /* Dream.mp3 in Resources */ = {isa = PBXBuildFile; fileRef = B767780E2897E0BE006D7D94 /* Dream.mp3 */; };
		B767783D2897E907006D7D94 /* Rain & Thunder.mp3 in Resources */ = {isa = PBXBuildFile; fileRef = B767781F2897E904006D7D94 /* Rain & Thunder.mp3 */; };
		B767783E2897E907006D7D94 /* Hair Dryer.mp3 in Resources */ = {isa = PBXBuildFile; fileRef = B76778202897E904006D7D94 /* Hair Dryer.mp3 */; };
		B767783F2897E907006D7D94 /* Pink Noise.mp3 in Resources */ = {isa = PBXBuildFile; fileRef = B76778212897E905006D7D94 /* Pink Noise.mp3 */; };
		B76778402897E907006D7D94 /* Cat Purring.mp3 in Resources */ = {isa = PBXBuildFile; fileRef = B76778222897E905006D7D94 /* Cat Purring.mp3 */; };
		B76778412897E907006D7D94 /* Supermarket.mp3 in Resources */ = {isa = PBXBuildFile; fileRef = B76778232897E905006D7D94 /* Supermarket.mp3 */; };
		B76778422897E907006D7D94 /* White Noise.mp3 in Resources */ = {isa = PBXBuildFile; fileRef = B76778242897E905006D7D94 /* White Noise.mp3 */; };
		B76778432897E907006D7D94 /* Rain.mp3 in Resources */ = {isa = PBXBuildFile; fileRef = B76778252897E905006D7D94 /* Rain.mp3 */; };
		B76778442897E907006D7D94 /* Car Ride.mp3 in Resources */ = {isa = PBXBuildFile; fileRef = B76778262897E905006D7D94 /* Car Ride.mp3 */; };
		B76778452897E907006D7D94 /* Vacuum Cleaner.mp3 in Resources */ = {isa = PBXBuildFile; fileRef = B76778272897E905006D7D94 /* Vacuum Cleaner.mp3 */; };
		B76778462897E907006D7D94 /* Water Drop.mp3 in Resources */ = {isa = PBXBuildFile; fileRef = B76778282897E905006D7D94 /* Water Drop.mp3 */; };
		B76778472897E907006D7D94 /* Sea Wave.mp3 in Resources */ = {isa = PBXBuildFile; fileRef = B76778292897E905006D7D94 /* Sea Wave.mp3 */; };
		B76778482897E907006D7D94 /* Deep Sea.mp3 in Resources */ = {isa = PBXBuildFile; fileRef = B767782A2897E906006D7D94 /* Deep Sea.mp3 */; };
		B76778492897E907006D7D94 /* Shush.mp3 in Resources */ = {isa = PBXBuildFile; fileRef = B767782B2897E906006D7D94 /* Shush.mp3 */; };
		B767784A2897E907006D7D94 /* Forest.mp3 in Resources */ = {isa = PBXBuildFile; fileRef = B767782C2897E906006D7D94 /* Forest.mp3 */; };
		B767784B2897E907006D7D94 /* Stream.mp3 in Resources */ = {isa = PBXBuildFile; fileRef = B767782D2897E906006D7D94 /* Stream.mp3 */; };
		B767784C2897E907006D7D94 /* Cold Wind.mp3 in Resources */ = {isa = PBXBuildFile; fileRef = B767782E2897E906006D7D94 /* Cold Wind.mp3 */; };
		B767784D2897E907006D7D94 /* Street.mp3 in Resources */ = {isa = PBXBuildFile; fileRef = B767782F2897E906006D7D94 /* Street.mp3 */; };
		B767784E2897E907006D7D94 /* Space.MP3 in Resources */ = {isa = PBXBuildFile; fileRef = B76778302897E906006D7D94 /* Space.MP3 */; };
		B767784F2897E907006D7D94 /* Snow Storm.mp3 in Resources */ = {isa = PBXBuildFile; fileRef = B76778312897E906006D7D94 /* Snow Storm.mp3 */; };
		B76778502897E907006D7D94 /* Cabin.mp3 in Resources */ = {isa = PBXBuildFile; fileRef = B76778322897E906006D7D94 /* Cabin.mp3 */; };
		B76778512897E907006D7D94 /* Table Fan.mp3 in Resources */ = {isa = PBXBuildFile; fileRef = B76778332897E906006D7D94 /* Table Fan.mp3 */; };
		B76778522897E907006D7D94 /* Train.mp3 in Resources */ = {isa = PBXBuildFile; fileRef = B76778342897E906006D7D94 /* Train.mp3 */; };
		B76778532897E907006D7D94 /* Wall Clock.mp3 in Resources */ = {isa = PBXBuildFile; fileRef = B76778352897E906006D7D94 /* Wall Clock.mp3 */; };
		B76778542897E907006D7D94 /* Purl.mp3 in Resources */ = {isa = PBXBuildFile; fileRef = B76778362897E906006D7D94 /* Purl.mp3 */; };
		B76778552897E907006D7D94 /* Brown Noise.mp3 in Resources */ = {isa = PBXBuildFile; fileRef = B76778372897E907006D7D94 /* Brown Noise.mp3 */; };
		B76778562897E907006D7D94 /* Birds.mp3 in Resources */ = {isa = PBXBuildFile; fileRef = B76778382897E907006D7D94 /* Birds.mp3 */; };
		B76778572897E907006D7D94 /* Bonfire.mp3 in Resources */ = {isa = PBXBuildFile; fileRef = B76778392897E907006D7D94 /* Bonfire.mp3 */; };
		B76778582897E907006D7D94 /* Mother Heartbeat.mp3 in Resources */ = {isa = PBXBuildFile; fileRef = B767783A2897E907006D7D94 /* Mother Heartbeat.mp3 */; };
		B76778592897E907006D7D94 /* Night Crickets.mp3 in Resources */ = {isa = PBXBuildFile; fileRef = B767783B2897E907006D7D94 /* Night Crickets.mp3 */; };
		B767785A2897E907006D7D94 /* Stew.mp3 in Resources */ = {isa = PBXBuildFile; fileRef = B767783C2897E907006D7D94 /* Stew.mp3 */; };
		B77B6456289EAC4E00403879 /* StoreKit.framework in Frameworks */ = {isa = PBXBuildFile; fileRef = B77B6455289EAC4E00403879 /* StoreKit.framework */; };
		B780F914289AF1B600C1659C /* MixPlayerViewController.swift in Sources */ = {isa = PBXBuildFile; fileRef = B780F913289AF1B600C1659C /* MixPlayerViewController.swift */; };
		B780F917289AF3F600C1659C /* MixPlayerTableViewCell.swift in Sources */ = {isa = PBXBuildFile; fileRef = B780F916289AF3F600C1659C /* MixPlayerTableViewCell.swift */; };
		F993C8886EBA39435F262FE3 /* Pods_Baby_SleeperTests.framework in Frameworks */ = {isa = PBXBuildFile; fileRef = BDC9B6894D3F927F29B5B3E0 /* Pods_Baby_SleeperTests.framework */; };
/* End PBXBuildFile section */

/* Begin PBXContainerItemProxy section */
		B7060B3028944F0800FF042D /* PBXContainerItemProxy */ = {
			isa = PBXContainerItemProxy;
			containerPortal = B7060B1128944F0600FF042D /* Project object */;
			proxyType = 1;
			remoteGlobalIDString = B7060B1828944F0600FF042D;
			remoteInfo = "Baby Sleeper";
		};
		B7060B3A28944F0800FF042D /* PBXContainerItemProxy */ = {
			isa = PBXContainerItemProxy;
			containerPortal = B7060B1128944F0600FF042D /* Project object */;
			proxyType = 1;
			remoteGlobalIDString = B7060B1828944F0600FF042D;
			remoteInfo = "Baby Sleeper";
		};
/* End PBXContainerItemProxy section */

/* Begin PBXFileReference section */
		0C416C83DD47A464524A5579 /* Pods_Baby_Sleeper_Baby_SleeperUITests.framework */ = {isa = PBXFileReference; explicitFileType = wrapper.framework; includeInIndex = 0; path = Pods_Baby_Sleeper_Baby_SleeperUITests.framework; sourceTree = BUILT_PRODUCTS_DIR; };
		4F76029C3540273F2A829804 /* Pods-Baby Sleeper-Baby SleeperUITests.debug.xcconfig */ = {isa = PBXFileReference; includeInIndex = 1; lastKnownFileType = text.xcconfig; name = "Pods-Baby Sleeper-Baby SleeperUITests.debug.xcconfig"; path = "Target Support Files/Pods-Baby Sleeper-Baby SleeperUITests/Pods-Baby Sleeper-Baby SleeperUITests.debug.xcconfig"; sourceTree = "<group>"; };
		554F30FC9B9094BDF08052B4 /* Pods-Baby SleeperTests.debug.xcconfig */ = {isa = PBXFileReference; includeInIndex = 1; lastKnownFileType = text.xcconfig; name = "Pods-Baby SleeperTests.debug.xcconfig"; path = "Target Support Files/Pods-Baby SleeperTests/Pods-Baby SleeperTests.debug.xcconfig"; sourceTree = "<group>"; };
		7CE8CF1298B7377C510EE92A /* Pods-Baby Sleeper.debug.xcconfig */ = {isa = PBXFileReference; includeInIndex = 1; lastKnownFileType = text.xcconfig; name = "Pods-Baby Sleeper.debug.xcconfig"; path = "Target Support Files/Pods-Baby Sleeper/Pods-Baby Sleeper.debug.xcconfig"; sourceTree = "<group>"; };
		8768B2A06553C6132CACD622 /* Pods-Baby SleeperTests.release.xcconfig */ = {isa = PBXFileReference; includeInIndex = 1; lastKnownFileType = text.xcconfig; name = "Pods-Baby SleeperTests.release.xcconfig"; path = "Target Support Files/Pods-Baby SleeperTests/Pods-Baby SleeperTests.release.xcconfig"; sourceTree = "<group>"; };
		8A063A130F4ABCE80BE16938 /* Pods_Baby_Sleeper.framework */ = {isa = PBXFileReference; explicitFileType = wrapper.framework; includeInIndex = 0; path = Pods_Baby_Sleeper.framework; sourceTree = BUILT_PRODUCTS_DIR; };
		8AB0FC64B091FD13FB9DB99A /* Pods-Baby Sleeper-Baby SleeperUITests.release.xcconfig */ = {isa = PBXFileReference; includeInIndex = 1; lastKnownFileType = text.xcconfig; name = "Pods-Baby Sleeper-Baby SleeperUITests.release.xcconfig"; path = "Target Support Files/Pods-Baby Sleeper-Baby SleeperUITests/Pods-Baby Sleeper-Baby SleeperUITests.release.xcconfig"; sourceTree = "<group>"; };
		B527A7D1BD0C9E94DA4CF2BD /* Pods-Baby Sleeper.release.xcconfig */ = {isa = PBXFileReference; includeInIndex = 1; lastKnownFileType = text.xcconfig; name = "Pods-Baby Sleeper.release.xcconfig"; path = "Target Support Files/Pods-Baby Sleeper/Pods-Baby Sleeper.release.xcconfig"; sourceTree = "<group>"; };
		B7060B1928944F0600FF042D /* Baby Sleeper.app */ = {isa = PBXFileReference; explicitFileType = wrapper.application; includeInIndex = 0; path = "Baby Sleeper.app"; sourceTree = BUILT_PRODUCTS_DIR; };
		B7060B1C28944F0600FF042D /* AppDelegate.swift */ = {isa = PBXFileReference; lastKnownFileType = sourcecode.swift; path = AppDelegate.swift; sourceTree = "<group>"; };
		B7060B1E28944F0600FF042D /* SceneDelegate.swift */ = {isa = PBXFileReference; lastKnownFileType = sourcecode.swift; path = SceneDelegate.swift; sourceTree = "<group>"; };
		B7060B2028944F0600FF042D /* ViewController.swift */ = {isa = PBXFileReference; lastKnownFileType = sourcecode.swift; path = ViewController.swift; sourceTree = "<group>"; };
		B7060B2328944F0600FF042D /* Base */ = {isa = PBXFileReference; lastKnownFileType = file.storyboard; name = Base; path = Base.lproj/Main.storyboard; sourceTree = "<group>"; };
		B7060B2528944F0800FF042D /* Assets.xcassets */ = {isa = PBXFileReference; lastKnownFileType = folder.assetcatalog; path = Assets.xcassets; sourceTree = "<group>"; };
		B7060B2828944F0800FF042D /* Base */ = {isa = PBXFileReference; lastKnownFileType = file.storyboard; name = Base; path = Base.lproj/LaunchScreen.storyboard; sourceTree = "<group>"; };
		B7060B2A28944F0800FF042D /* Info.plist */ = {isa = PBXFileReference; lastKnownFileType = text.plist.xml; path = Info.plist; sourceTree = "<group>"; };
		B7060B2F28944F0800FF042D /* Baby SleeperTests.xctest */ = {isa = PBXFileReference; explicitFileType = wrapper.cfbundle; includeInIndex = 0; path = "Baby SleeperTests.xctest"; sourceTree = BUILT_PRODUCTS_DIR; };
		B7060B3328944F0800FF042D /* Baby_SleeperTests.swift */ = {isa = PBXFileReference; lastKnownFileType = sourcecode.swift; path = Baby_SleeperTests.swift; sourceTree = "<group>"; };
		B7060B3928944F0800FF042D /* Baby SleeperUITests.xctest */ = {isa = PBXFileReference; explicitFileType = wrapper.cfbundle; includeInIndex = 0; path = "Baby SleeperUITests.xctest"; sourceTree = BUILT_PRODUCTS_DIR; };
		B7060B3D28944F0800FF042D /* Baby_SleeperUITests.swift */ = {isa = PBXFileReference; lastKnownFileType = sourcecode.swift; path = Baby_SleeperUITests.swift; sourceTree = "<group>"; };
		B7060B3F28944F0800FF042D /* Baby_SleeperUITestsLaunchTests.swift */ = {isa = PBXFileReference; lastKnownFileType = sourcecode.swift; path = Baby_SleeperUITestsLaunchTests.swift; sourceTree = "<group>"; };
		B7060B5028945CCE00FF042D /* SettingsViewController.swift */ = {isa = PBXFileReference; lastKnownFileType = sourcecode.swift; path = SettingsViewController.swift; sourceTree = "<group>"; };
		B7060B5328945D2900FF042D /* SettingsTableViewCell.swift */ = {isa = PBXFileReference; lastKnownFileType = sourcecode.swift; path = SettingsTableViewCell.swift; sourceTree = "<group>"; };
		B7060B5528945DFB00FF042D /* Extension.swift */ = {isa = PBXFileReference; lastKnownFileType = sourcecode.swift; path = Extension.swift; sourceTree = "<group>"; };
		B7060B5828946EB800FF042D /* PlayerViewController.swift */ = {isa = PBXFileReference; lastKnownFileType = sourcecode.swift; path = PlayerViewController.swift; sourceTree = "<group>"; };
		B7060B5A28946EEE00FF042D /* PlayerCollectionViewCell.swift */ = {isa = PBXFileReference; lastKnownFileType = sourcecode.swift; path = PlayerCollectionViewCell.swift; sourceTree = "<group>"; };
		B720D0B5289853DD004B2715 /* RemoveViewController.swift */ = {isa = PBXFileReference; lastKnownFileType = sourcecode.swift; path = RemoveViewController.swift; sourceTree = "<group>"; };
		B754479F289723CF009488E4 /* CeraPro-Medium.otf */ = {isa = PBXFileReference; lastKnownFileType = file; path = "CeraPro-Medium.otf"; sourceTree = "<group>"; };
		B75447A4289725D0009488E4 /* TimerViewController.swift */ = {isa = PBXFileReference; lastKnownFileType = sourcecode.swift; path = TimerViewController.swift; sourceTree = "<group>"; };
		B765A91828955B6A0009BC1C /* MixViewController.swift */ = {isa = PBXFileReference; lastKnownFileType = sourcecode.swift; path = MixViewController.swift; sourceTree = "<group>"; };
		B765A91B28955BA40009BC1C /* MixesTableViewCell.swift */ = {isa = PBXFileReference; lastKnownFileType = sourcecode.swift; path = MixesTableViewCell.swift; sourceTree = "<group>"; };
		B76778002897E0BD006D7D94 /* Infinity.mp3 */ = {isa = PBXFileReference; lastKnownFileType = audio.mp3; path = Infinity.mp3; sourceTree = "<group>"; };
		B76778012897E0BD006D7D94 /* Soul.mp3 */ = {isa = PBXFileReference; lastKnownFileType = audio.mp3; path = Soul.mp3; sourceTree = "<group>"; };
		B76778022897E0BD006D7D94 /* Sky.mp3 */ = {isa = PBXFileReference; lastKnownFileType = audio.mp3; path = Sky.mp3; sourceTree = "<group>"; };
		B76778032897E0BD006D7D94 /* Far Away.mp3 */ = {isa = PBXFileReference; lastKnownFileType = audio.mp3; path = "Far Away.mp3"; sourceTree = "<group>"; };
		B76778042897E0BD006D7D94 /* Stars.mp3 */ = {isa = PBXFileReference; lastKnownFileType = audio.mp3; path = Stars.mp3; sourceTree = "<group>"; };
		B76778052897E0BE006D7D94 /* Relax.mp3 */ = {isa = PBXFileReference; lastKnownFileType = audio.mp3; path = Relax.mp3; sourceTree = "<group>"; };
		B76778062897E0BE006D7D94 /* Rainbow.mp3 */ = {isa = PBXFileReference; lastKnownFileType = audio.mp3; path = Rainbow.mp3; sourceTree = "<group>"; };
		B76778072897E0BE006D7D94 /* Life.mp3 */ = {isa = PBXFileReference; lastKnownFileType = audio.mp3; path = Life.mp3; sourceTree = "<group>"; };
		B76778082897E0BE006D7D94 /* Silence.mp3 */ = {isa = PBXFileReference; lastKnownFileType = audio.mp3; path = Silence.mp3; sourceTree = "<group>"; };
		B76778092897E0BE006D7D94 /* History.mp3 */ = {isa = PBXFileReference; lastKnownFileType = audio.mp3; path = History.mp3; sourceTree = "<group>"; };
		B767780A2897E0BE006D7D94 /* Memories.mp3 */ = {isa = PBXFileReference; lastKnownFileType = audio.mp3; path = Memories.mp3; sourceTree = "<group>"; };
		B767780B2897E0BE006D7D94 /* Fly.mp3 */ = {isa = PBXFileReference; lastKnownFileType = audio.mp3; path = Fly.mp3; sourceTree = "<group>"; };
		B767780C2897E0BE006D7D94 /* Love.mp3 */ = {isa = PBXFileReference; lastKnownFileType = audio.mp3; path = Love.mp3; sourceTree = "<group>"; };
		B767780D2897E0BE006D7D94 /* Peace.mp3 */ = {isa = PBXFileReference; lastKnownFileType = audio.mp3; path = Peace.mp3; sourceTree = "<group>"; };
		B767780E2897E0BE006D7D94 /* Dream.mp3 */ = {isa = PBXFileReference; lastKnownFileType = audio.mp3; path = Dream.mp3; sourceTree = "<group>"; };
		B767781F2897E904006D7D94 /* Rain & Thunder.mp3 */ = {isa = PBXFileReference; lastKnownFileType = audio.mp3; path = "Rain & Thunder.mp3"; sourceTree = "<group>"; };
		B76778202897E904006D7D94 /* Hair Dryer.mp3 */ = {isa = PBXFileReference; lastKnownFileType = audio.mp3; path = "Hair Dryer.mp3"; sourceTree = "<group>"; };
		B76778212897E905006D7D94 /* Pink Noise.mp3 */ = {isa = PBXFileReference; lastKnownFileType = audio.mp3; path = "Pink Noise.mp3"; sourceTree = "<group>"; };
		B76778222897E905006D7D94 /* Cat Purring.mp3 */ = {isa = PBXFileReference; lastKnownFileType = audio.mp3; path = "Cat Purring.mp3"; sourceTree = "<group>"; };
		B76778232897E905006D7D94 /* Supermarket.mp3 */ = {isa = PBXFileReference; lastKnownFileType = audio.mp3; path = Supermarket.mp3; sourceTree = "<group>"; };
		B76778242897E905006D7D94 /* White Noise.mp3 */ = {isa = PBXFileReference; lastKnownFileType = audio.mp3; path = "White Noise.mp3"; sourceTree = "<group>"; };
		B76778252897E905006D7D94 /* Rain.mp3 */ = {isa = PBXFileReference; lastKnownFileType = audio.mp3; path = Rain.mp3; sourceTree = "<group>"; };
		B76778262897E905006D7D94 /* Car Ride.mp3 */ = {isa = PBXFileReference; lastKnownFileType = audio.mp3; path = "Car Ride.mp3"; sourceTree = "<group>"; };
		B76778272897E905006D7D94 /* Vacuum Cleaner.mp3 */ = {isa = PBXFileReference; lastKnownFileType = audio.mp3; path = "Vacuum Cleaner.mp3"; sourceTree = "<group>"; };
		B76778282897E905006D7D94 /* Water Drop.mp3 */ = {isa = PBXFileReference; lastKnownFileType = audio.mp3; path = "Water Drop.mp3"; sourceTree = "<group>"; };
		B76778292897E905006D7D94 /* Sea Wave.mp3 */ = {isa = PBXFileReference; lastKnownFileType = audio.mp3; path = "Sea Wave.mp3"; sourceTree = "<group>"; };
		B767782A2897E906006D7D94 /* Deep Sea.mp3 */ = {isa = PBXFileReference; lastKnownFileType = audio.mp3; path = "Deep Sea.mp3"; sourceTree = "<group>"; };
		B767782B2897E906006D7D94 /* Shush.mp3 */ = {isa = PBXFileReference; lastKnownFileType = audio.mp3; path = Shush.mp3; sourceTree = "<group>"; };
		B767782C2897E906006D7D94 /* Forest.mp3 */ = {isa = PBXFileReference; lastKnownFileType = audio.mp3; path = Forest.mp3; sourceTree = "<group>"; };
		B767782D2897E906006D7D94 /* Stream.mp3 */ = {isa = PBXFileReference; lastKnownFileType = audio.mp3; path = Stream.mp3; sourceTree = "<group>"; };
		B767782E2897E906006D7D94 /* Cold Wind.mp3 */ = {isa = PBXFileReference; lastKnownFileType = audio.mp3; path = "Cold Wind.mp3"; sourceTree = "<group>"; };
		B767782F2897E906006D7D94 /* Street.mp3 */ = {isa = PBXFileReference; lastKnownFileType = audio.mp3; path = Street.mp3; sourceTree = "<group>"; };
		B76778302897E906006D7D94 /* Space.MP3 */ = {isa = PBXFileReference; lastKnownFileType = audio.mp3; path = Space.MP3; sourceTree = "<group>"; };
		B76778312897E906006D7D94 /* Snow Storm.mp3 */ = {isa = PBXFileReference; lastKnownFileType = audio.mp3; path = "Snow Storm.mp3"; sourceTree = "<group>"; };
		B76778322897E906006D7D94 /* Cabin.mp3 */ = {isa = PBXFileReference; lastKnownFileType = audio.mp3; path = Cabin.mp3; sourceTree = "<group>"; };
		B76778332897E906006D7D94 /* Table Fan.mp3 */ = {isa = PBXFileReference; lastKnownFileType = audio.mp3; path = "Table Fan.mp3"; sourceTree = "<group>"; };
		B76778342897E906006D7D94 /* Train.mp3 */ = {isa = PBXFileReference; lastKnownFileType = audio.mp3; path = Train.mp3; sourceTree = "<group>"; };
		B76778352897E906006D7D94 /* Wall Clock.mp3 */ = {isa = PBXFileReference; lastKnownFileType = audio.mp3; path = "Wall Clock.mp3"; sourceTree = "<group>"; };
		B76778362897E906006D7D94 /* Purl.mp3 */ = {isa = PBXFileReference; lastKnownFileType = audio.mp3; path = Purl.mp3; sourceTree = "<group>"; };
		B76778372897E907006D7D94 /* Brown Noise.mp3 */ = {isa = PBXFileReference; lastKnownFileType = audio.mp3; path = "Brown Noise.mp3"; sourceTree = "<group>"; };
		B76778382897E907006D7D94 /* Birds.mp3 */ = {isa = PBXFileReference; lastKnownFileType = audio.mp3; path = Birds.mp3; sourceTree = "<group>"; };
		B76778392897E907006D7D94 /* Bonfire.mp3 */ = {isa = PBXFileReference; lastKnownFileType = audio.mp3; path = Bonfire.mp3; sourceTree = "<group>"; };
		B767783A2897E907006D7D94 /* Mother Heartbeat.mp3 */ = {isa = PBXFileReference; lastKnownFileType = audio.mp3; path = "Mother Heartbeat.mp3"; sourceTree = "<group>"; };
		B767783B2897E907006D7D94 /* Night Crickets.mp3 */ = {isa = PBXFileReference; lastKnownFileType = audio.mp3; path = "Night Crickets.mp3"; sourceTree = "<group>"; };
		B767783C2897E907006D7D94 /* Stew.mp3 */ = {isa = PBXFileReference; lastKnownFileType = audio.mp3; path = Stew.mp3; sourceTree = "<group>"; };
		B77B6455289EAC4E00403879 /* StoreKit.framework */ = {isa = PBXFileReference; lastKnownFileType = wrapper.framework; name = StoreKit.framework; path = System/Library/Frameworks/StoreKit.framework; sourceTree = SDKROOT; };
		B77B6459289EB8A500403879 /* Configuration.storekit */ = {isa = PBXFileReference; lastKnownFileType = text; path = Configuration.storekit; sourceTree = "<group>"; };
		B780F913289AF1B600C1659C /* MixPlayerViewController.swift */ = {isa = PBXFileReference; lastKnownFileType = sourcecode.swift; path = MixPlayerViewController.swift; sourceTree = "<group>"; };
		B780F916289AF3F600C1659C /* MixPlayerTableViewCell.swift */ = {isa = PBXFileReference; lastKnownFileType = sourcecode.swift; path = MixPlayerTableViewCell.swift; sourceTree = "<group>"; };
		BDC9B6894D3F927F29B5B3E0 /* Pods_Baby_SleeperTests.framework */ = {isa = PBXFileReference; explicitFileType = wrapper.framework; includeInIndex = 0; path = Pods_Baby_SleeperTests.framework; sourceTree = BUILT_PRODUCTS_DIR; };
/* End PBXFileReference section */

/* Begin PBXFrameworksBuildPhase section */
		B7060B1628944F0600FF042D /* Frameworks */ = {
			isa = PBXFrameworksBuildPhase;
			buildActionMask = 2147483647;
			files = (
				A98779990B3B86EA92DC7069 /* Pods_Baby_Sleeper.framework in Frameworks */,
				B77B6456289EAC4E00403879 /* StoreKit.framework in Frameworks */,
			);
			runOnlyForDeploymentPostprocessing = 0;
		};
		B7060B2C28944F0800FF042D /* Frameworks */ = {
			isa = PBXFrameworksBuildPhase;
			buildActionMask = 2147483647;
			files = (
				F993C8886EBA39435F262FE3 /* Pods_Baby_SleeperTests.framework in Frameworks */,
			);
			runOnlyForDeploymentPostprocessing = 0;
		};
		B7060B3628944F0800FF042D /* Frameworks */ = {
			isa = PBXFrameworksBuildPhase;
			buildActionMask = 2147483647;
			files = (
				94293EC6AE9FDEC99F2E8FC2 /* Pods_Baby_Sleeper_Baby_SleeperUITests.framework in Frameworks */,
			);
			runOnlyForDeploymentPostprocessing = 0;
		};
/* End PBXFrameworksBuildPhase section */

/* Begin PBXGroup section */
		5404A1EC655BEE14862E049B /* Pods */ = {
			isa = PBXGroup;
			children = (
				7CE8CF1298B7377C510EE92A /* Pods-Baby Sleeper.debug.xcconfig */,
				B527A7D1BD0C9E94DA4CF2BD /* Pods-Baby Sleeper.release.xcconfig */,
				4F76029C3540273F2A829804 /* Pods-Baby Sleeper-Baby SleeperUITests.debug.xcconfig */,
				8AB0FC64B091FD13FB9DB99A /* Pods-Baby Sleeper-Baby SleeperUITests.release.xcconfig */,
				554F30FC9B9094BDF08052B4 /* Pods-Baby SleeperTests.debug.xcconfig */,
				8768B2A06553C6132CACD622 /* Pods-Baby SleeperTests.release.xcconfig */,
			);
			path = Pods;
			sourceTree = "<group>";
		};
		B7060B1028944F0600FF042D = {
			isa = PBXGroup;
			children = (
				B7060B1B28944F0600FF042D /* Baby Sleeper */,
				B7060B3228944F0800FF042D /* Baby SleeperTests */,
				B7060B3C28944F0800FF042D /* Baby SleeperUITests */,
				B7060B1A28944F0600FF042D /* Products */,
				B77660A6289D1A8400A86D6C /* Frameworks */,
				5404A1EC655BEE14862E049B /* Pods */,
			);
			sourceTree = "<group>";
		};
		B7060B1A28944F0600FF042D /* Products */ = {
			isa = PBXGroup;
			children = (
				B7060B1928944F0600FF042D /* Baby Sleeper.app */,
				B7060B2F28944F0800FF042D /* Baby SleeperTests.xctest */,
				B7060B3928944F0800FF042D /* Baby SleeperUITests.xctest */,
			);
			name = Products;
			sourceTree = "<group>";
		};
		B7060B1B28944F0600FF042D /* Baby Sleeper */ = {
			isa = PBXGroup;
			children = (
				B7060B1C28944F0600FF042D /* AppDelegate.swift */,
				B7060B1E28944F0600FF042D /* SceneDelegate.swift */,
				B7060B2028944F0600FF042D /* ViewController.swift */,
				B720D0B5289853DD004B2715 /* RemoveViewController.swift */,
				B77B6459289EB8A500403879 /* Configuration.storekit */,
				B780F915289AF28600C1659C /* MixPlayerView */,
				B75447A3289725B1009488E4 /* Timer */,
				B765A91A28955B700009BC1C /* MixesViewController */,
				B7060B5528945DFB00FF042D /* Extension.swift */,
				B754479F289723CF009488E4 /* CeraPro-Medium.otf */,
				B767781E2897E0C5006D7D94 /* Musics */,
				B767785B2897E909006D7D94 /* Sounds */,
				B7060B5728946E8800FF042D /* PlayViews */,
				B7060B5228945CFC00FF042D /* Settings */,
				B7060B2228944F0600FF042D /* Main.storyboard */,
				B7060B2528944F0800FF042D /* Assets.xcassets */,
				B7060B2728944F0800FF042D /* LaunchScreen.storyboard */,
				B7060B2A28944F0800FF042D /* Info.plist */,
			);
			path = "Baby Sleeper";
			sourceTree = "<group>";
		};
		B7060B3228944F0800FF042D /* Baby SleeperTests */ = {
			isa = PBXGroup;
			children = (
				B7060B3328944F0800FF042D /* Baby_SleeperTests.swift */,
			);
			path = "Baby SleeperTests";
			sourceTree = "<group>";
		};
		B7060B3C28944F0800FF042D /* Baby SleeperUITests */ = {
			isa = PBXGroup;
			children = (
				B7060B3D28944F0800FF042D /* Baby_SleeperUITests.swift */,
				B7060B3F28944F0800FF042D /* Baby_SleeperUITestsLaunchTests.swift */,
			);
			path = "Baby SleeperUITests";
			sourceTree = "<group>";
		};
		B7060B5228945CFC00FF042D /* Settings */ = {
			isa = PBXGroup;
			children = (
				B7060B5028945CCE00FF042D /* SettingsViewController.swift */,
				B7060B5328945D2900FF042D /* SettingsTableViewCell.swift */,
			);
			path = Settings;
			sourceTree = "<group>";
		};
		B7060B5728946E8800FF042D /* PlayViews */ = {
			isa = PBXGroup;
			children = (
				B7060B5828946EB800FF042D /* PlayerViewController.swift */,
				B7060B5A28946EEE00FF042D /* PlayerCollectionViewCell.swift */,
			);
			path = PlayViews;
			sourceTree = "<group>";
		};
		B75447A3289725B1009488E4 /* Timer */ = {
			isa = PBXGroup;
			children = (
				B75447A4289725D0009488E4 /* TimerViewController.swift */,
			);
			path = Timer;
			sourceTree = "<group>";
		};
		B765A91A28955B700009BC1C /* MixesViewController */ = {
			isa = PBXGroup;
			children = (
				B765A91828955B6A0009BC1C /* MixViewController.swift */,
				B765A91B28955BA40009BC1C /* MixesTableViewCell.swift */,
			);
			path = MixesViewController;
			sourceTree = "<group>";
		};
		B767781E2897E0C5006D7D94 /* Musics */ = {
			isa = PBXGroup;
			children = (
				B767780E2897E0BE006D7D94 /* Dream.mp3 */,
				B76778032897E0BD006D7D94 /* Far Away.mp3 */,
				B767780B2897E0BE006D7D94 /* Fly.mp3 */,
				B76778092897E0BE006D7D94 /* History.mp3 */,
				B76778002897E0BD006D7D94 /* Infinity.mp3 */,
				B76778072897E0BE006D7D94 /* Life.mp3 */,
				B767780C2897E0BE006D7D94 /* Love.mp3 */,
				B767780A2897E0BE006D7D94 /* Memories.mp3 */,
				B767780D2897E0BE006D7D94 /* Peace.mp3 */,
				B76778062897E0BE006D7D94 /* Rainbow.mp3 */,
				B76778052897E0BE006D7D94 /* Relax.mp3 */,
				B76778082897E0BE006D7D94 /* Silence.mp3 */,
				B76778022897E0BD006D7D94 /* Sky.mp3 */,
				B76778012897E0BD006D7D94 /* Soul.mp3 */,
				B76778042897E0BD006D7D94 /* Stars.mp3 */,
			);
			path = Musics;
			sourceTree = "<group>";
		};
		B767785B2897E909006D7D94 /* Sounds */ = {
			isa = PBXGroup;
			children = (
				B76778382897E907006D7D94 /* Birds.mp3 */,
				B76778392897E907006D7D94 /* Bonfire.mp3 */,
				B76778372897E907006D7D94 /* Brown Noise.mp3 */,
				B76778322897E906006D7D94 /* Cabin.mp3 */,
				B76778262897E905006D7D94 /* Car Ride.mp3 */,
				B76778222897E905006D7D94 /* Cat Purring.mp3 */,
				B767782E2897E906006D7D94 /* Cold Wind.mp3 */,
				B767782A2897E906006D7D94 /* Deep Sea.mp3 */,
				B767782C2897E906006D7D94 /* Forest.mp3 */,
				B76778202897E904006D7D94 /* Hair Dryer.mp3 */,
				B767783A2897E907006D7D94 /* Mother Heartbeat.mp3 */,
				B767783B2897E907006D7D94 /* Night Crickets.mp3 */,
				B76778212897E905006D7D94 /* Pink Noise.mp3 */,
				B76778362897E906006D7D94 /* Purl.mp3 */,
				B76778252897E905006D7D94 /* Rain.mp3 */,
				B767781F2897E904006D7D94 /* Rain & Thunder.mp3 */,
				B76778292897E905006D7D94 /* Sea Wave.mp3 */,
				B767782B2897E906006D7D94 /* Shush.mp3 */,
				B76778312897E906006D7D94 /* Snow Storm.mp3 */,
				B76778302897E906006D7D94 /* Space.MP3 */,
				B767783C2897E907006D7D94 /* Stew.mp3 */,
				B767782D2897E906006D7D94 /* Stream.mp3 */,
				B767782F2897E906006D7D94 /* Street.mp3 */,
				B76778232897E905006D7D94 /* Supermarket.mp3 */,
				B76778332897E906006D7D94 /* Table Fan.mp3 */,
				B76778342897E906006D7D94 /* Train.mp3 */,
				B76778272897E905006D7D94 /* Vacuum Cleaner.mp3 */,
				B76778352897E906006D7D94 /* Wall Clock.mp3 */,
				B76778282897E905006D7D94 /* Water Drop.mp3 */,
				B76778242897E905006D7D94 /* White Noise.mp3 */,
			);
			path = Sounds;
			sourceTree = "<group>";
		};
		B77660A6289D1A8400A86D6C /* Frameworks */ = {
			isa = PBXGroup;
			children = (
				B77B6455289EAC4E00403879 /* StoreKit.framework */,
				8A063A130F4ABCE80BE16938 /* Pods_Baby_Sleeper.framework */,
				0C416C83DD47A464524A5579 /* Pods_Baby_Sleeper_Baby_SleeperUITests.framework */,
				BDC9B6894D3F927F29B5B3E0 /* Pods_Baby_SleeperTests.framework */,
			);
			name = Frameworks;
			sourceTree = "<group>";
		};
		B780F915289AF28600C1659C /* MixPlayerView */ = {
			isa = PBXGroup;
			children = (
				B780F913289AF1B600C1659C /* MixPlayerViewController.swift */,
				B780F916289AF3F600C1659C /* MixPlayerTableViewCell.swift */,
			);
			path = MixPlayerView;
			sourceTree = "<group>";
		};
/* End PBXGroup section */

/* Begin PBXNativeTarget section */
		B7060B1828944F0600FF042D /* Baby Sleeper */ = {
			isa = PBXNativeTarget;
			buildConfigurationList = B7060B4328944F0800FF042D /* Build configuration list for PBXNativeTarget "Baby Sleeper" */;
			buildPhases = (
				A459E540F87DE23A1FC1FA2F /* [CP] Check Pods Manifest.lock */,
				B7060B1528944F0600FF042D /* Sources */,
				B7060B1628944F0600FF042D /* Frameworks */,
				B7060B1728944F0600FF042D /* Resources */,
				6B9032BAE0AC23199C80E768 /* [CP] Embed Pods Frameworks */,
			);
			buildRules = (
			);
			dependencies = (
			);
			name = "Baby Sleeper";
			productName = "Baby Sleeper";
			productReference = B7060B1928944F0600FF042D /* Baby Sleeper.app */;
			productType = "com.apple.product-type.application";
		};
		B7060B2E28944F0800FF042D /* Baby SleeperTests */ = {
			isa = PBXNativeTarget;
			buildConfigurationList = B7060B4628944F0800FF042D /* Build configuration list for PBXNativeTarget "Baby SleeperTests" */;
			buildPhases = (
				0E7D8E84C7B1C4100BBE61F4 /* [CP] Check Pods Manifest.lock */,
				B7060B2B28944F0800FF042D /* Sources */,
				B7060B2C28944F0800FF042D /* Frameworks */,
				B7060B2D28944F0800FF042D /* Resources */,
			);
			buildRules = (
			);
			dependencies = (
				B7060B3128944F0800FF042D /* PBXTargetDependency */,
			);
			name = "Baby SleeperTests";
			productName = "Baby SleeperTests";
			productReference = B7060B2F28944F0800FF042D /* Baby SleeperTests.xctest */;
			productType = "com.apple.product-type.bundle.unit-test";
		};
		B7060B3828944F0800FF042D /* Baby SleeperUITests */ = {
			isa = PBXNativeTarget;
			buildConfigurationList = B7060B4928944F0800FF042D /* Build configuration list for PBXNativeTarget "Baby SleeperUITests" */;
			buildPhases = (
				BADB8E42454B5E979D36BFFB /* [CP] Check Pods Manifest.lock */,
				B7060B3528944F0800FF042D /* Sources */,
				B7060B3628944F0800FF042D /* Frameworks */,
				B7060B3728944F0800FF042D /* Resources */,
				FD50BFAA44ACE96F46EC4BDD /* [CP] Embed Pods Frameworks */,
			);
			buildRules = (
			);
			dependencies = (
				B7060B3B28944F0800FF042D /* PBXTargetDependency */,
			);
			name = "Baby SleeperUITests";
			productName = "Baby SleeperUITests";
			productReference = B7060B3928944F0800FF042D /* Baby SleeperUITests.xctest */;
			productType = "com.apple.product-type.bundle.ui-testing";
		};
/* End PBXNativeTarget section */

/* Begin PBXProject section */
		B7060B1128944F0600FF042D /* Project object */ = {
			isa = PBXProject;
			attributes = {
				BuildIndependentTargetsInParallel = 1;
				LastSwiftUpdateCheck = 1340;
				LastUpgradeCheck = 1340;
				TargetAttributes = {
					B7060B1828944F0600FF042D = {
						CreatedOnToolsVersion = 13.4.1;
					};
					B7060B2E28944F0800FF042D = {
						CreatedOnToolsVersion = 13.4.1;
						TestTargetID = B7060B1828944F0600FF042D;
					};
					B7060B3828944F0800FF042D = {
						CreatedOnToolsVersion = 13.4.1;
						TestTargetID = B7060B1828944F0600FF042D;
					};
				};
			};
			buildConfigurationList = B7060B1428944F0600FF042D /* Build configuration list for PBXProject "Baby Sleeper" */;
			compatibilityVersion = "Xcode 13.0";
			developmentRegion = en;
			hasScannedForEncodings = 0;
			knownRegions = (
				en,
				Base,
			);
			mainGroup = B7060B1028944F0600FF042D;
			productRefGroup = B7060B1A28944F0600FF042D /* Products */;
			projectDirPath = "";
			projectRoot = "";
			targets = (
				B7060B1828944F0600FF042D /* Baby Sleeper */,
				B7060B2E28944F0800FF042D /* Baby SleeperTests */,
				B7060B3828944F0800FF042D /* Baby SleeperUITests */,
			);
		};
/* End PBXProject section */

/* Begin PBXResourcesBuildPhase section */
		B7060B1728944F0600FF042D /* Resources */ = {
			isa = PBXResourcesBuildPhase;
			buildActionMask = 2147483647;
			files = (
				B76778492897E907006D7D94 /* Shush.mp3 in Resources */,
				B76778592897E907006D7D94 /* Night Crickets.mp3 in Resources */,
				B76778132897E0BE006D7D94 /* Stars.mp3 in Resources */,
				B76778162897E0BE006D7D94 /* Life.mp3 in Resources */,
				B76778582897E907006D7D94 /* Mother Heartbeat.mp3 in Resources */,
				B767780F2897E0BE006D7D94 /* Infinity.mp3 in Resources */,
				B76778482897E907006D7D94 /* Deep Sea.mp3 in Resources */,
				B76778172897E0BE006D7D94 /* Silence.mp3 in Resources */,
				B7060B2928944F0800FF042D /* LaunchScreen.storyboard in Resources */,
				B76778462897E907006D7D94 /* Water Drop.mp3 in Resources */,
				B76778512897E907006D7D94 /* Table Fan.mp3 in Resources */,
				B76778102897E0BE006D7D94 /* Soul.mp3 in Resources */,
				B76778112897E0BE006D7D94 /* Sky.mp3 in Resources */,
				B76778452897E907006D7D94 /* Vacuum Cleaner.mp3 in Resources */,
				B76778122897E0BE006D7D94 /* Far Away.mp3 in Resources */,
				B75447A2289724DF009488E4 /* CeraPro-Medium.otf in Resources */,
				B76778572897E907006D7D94 /* Bonfire.mp3 in Resources */,
				B7060B2628944F0800FF042D /* Assets.xcassets in Resources */,
				B76778472897E907006D7D94 /* Sea Wave.mp3 in Resources */,
				B767781A2897E0BE006D7D94 /* Fly.mp3 in Resources */,
				B767784B2897E907006D7D94 /* Stream.mp3 in Resources */,
				B767784A2897E907006D7D94 /* Forest.mp3 in Resources */,
				B767783D2897E907006D7D94 /* Rain & Thunder.mp3 in Resources */,
				B76778192897E0BE006D7D94 /* Memories.mp3 in Resources */,
				B7060B2428944F0600FF042D /* Main.storyboard in Resources */,
				B76778402897E907006D7D94 /* Cat Purring.mp3 in Resources */,
				B767785A2897E907006D7D94 /* Stew.mp3 in Resources */,
				B767784C2897E907006D7D94 /* Cold Wind.mp3 in Resources */,
				B767781B2897E0BE006D7D94 /* Love.mp3 in Resources */,
				B76778552897E907006D7D94 /* Brown Noise.mp3 in Resources */,
				B767781C2897E0BE006D7D94 /* Peace.mp3 in Resources */,
				B76778412897E907006D7D94 /* Supermarket.mp3 in Resources */,
				B767784D2897E907006D7D94 /* Street.mp3 in Resources */,
				B76778502897E907006D7D94 /* Cabin.mp3 in Resources */,
				B76778432897E907006D7D94 /* Rain.mp3 in Resources */,
				B767784F2897E907006D7D94 /* Snow Storm.mp3 in Resources */,
				B767783E2897E907006D7D94 /* Hair Dryer.mp3 in Resources */,
				B76778542897E907006D7D94 /* Purl.mp3 in Resources */,
				B767783F2897E907006D7D94 /* Pink Noise.mp3 in Resources */,
				B76778422897E907006D7D94 /* White Noise.mp3 in Resources */,
				B767781D2897E0BE006D7D94 /* Dream.mp3 in Resources */,
				B76778562897E907006D7D94 /* Birds.mp3 in Resources */,
				B767784E2897E907006D7D94 /* Space.MP3 in Resources */,
				B76778142897E0BE006D7D94 /* Relax.mp3 in Resources */,
				B76778182897E0BE006D7D94 /* History.mp3 in Resources */,
				B76778532897E907006D7D94 /* Wall Clock.mp3 in Resources */,
				B76778522897E907006D7D94 /* Train.mp3 in Resources */,
				B76778152897E0BE006D7D94 /* Rainbow.mp3 in Resources */,
				B76778442897E907006D7D94 /* Car Ride.mp3 in Resources */,
			);
			runOnlyForDeploymentPostprocessing = 0;
		};
		B7060B2D28944F0800FF042D /* Resources */ = {
			isa = PBXResourcesBuildPhase;
			buildActionMask = 2147483647;
			files = (
			);
			runOnlyForDeploymentPostprocessing = 0;
		};
		B7060B3728944F0800FF042D /* Resources */ = {
			isa = PBXResourcesBuildPhase;
			buildActionMask = 2147483647;
			files = (
			);
			runOnlyForDeploymentPostprocessing = 0;
		};
/* End PBXResourcesBuildPhase section */

/* Begin PBXShellScriptBuildPhase section */
		0E7D8E84C7B1C4100BBE61F4 /* [CP] Check Pods Manifest.lock */ = {
			isa = PBXShellScriptBuildPhase;
			buildActionMask = 2147483647;
			files = (
			);
			inputFileListPaths = (
			);
			inputPaths = (
				"${PODS_PODFILE_DIR_PATH}/Podfile.lock",
				"${PODS_ROOT}/Manifest.lock",
			);
			name = "[CP] Check Pods Manifest.lock";
			outputFileListPaths = (
			);
			outputPaths = (
				"$(DERIVED_FILE_DIR)/Pods-Baby SleeperTests-checkManifestLockResult.txt",
			);
			runOnlyForDeploymentPostprocessing = 0;
			shellPath = /bin/sh;
			shellScript = "diff \"${PODS_PODFILE_DIR_PATH}/Podfile.lock\" \"${PODS_ROOT}/Manifest.lock\" > /dev/null\nif [ $? != 0 ] ; then\n    # print error to STDERR\n    echo \"error: The sandbox is not in sync with the Podfile.lock. Run 'pod install' or update your CocoaPods installation.\" >&2\n    exit 1\nfi\n# This output is used by Xcode 'outputs' to avoid re-running this script phase.\necho \"SUCCESS\" > \"${SCRIPT_OUTPUT_FILE_0}\"\n";
			showEnvVarsInLog = 0;
		};
		6B9032BAE0AC23199C80E768 /* [CP] Embed Pods Frameworks */ = {
			isa = PBXShellScriptBuildPhase;
			buildActionMask = 2147483647;
			files = (
			);
			inputFileListPaths = (
				"${PODS_ROOT}/Target Support Files/Pods-Baby Sleeper/Pods-Baby Sleeper-frameworks-${CONFIGURATION}-input-files.xcfilelist",
			);
			name = "[CP] Embed Pods Frameworks";
			outputFileListPaths = (
				"${PODS_ROOT}/Target Support Files/Pods-Baby Sleeper/Pods-Baby Sleeper-frameworks-${CONFIGURATION}-output-files.xcfilelist",
			);
			runOnlyForDeploymentPostprocessing = 0;
			shellPath = /bin/sh;
			shellScript = "\"${PODS_ROOT}/Target Support Files/Pods-Baby Sleeper/Pods-Baby Sleeper-frameworks.sh\"\n";
			showEnvVarsInLog = 0;
		};
		A459E540F87DE23A1FC1FA2F /* [CP] Check Pods Manifest.lock */ = {
			isa = PBXShellScriptBuildPhase;
			buildActionMask = 2147483647;
			files = (
			);
			inputFileListPaths = (
			);
			inputPaths = (
				"${PODS_PODFILE_DIR_PATH}/Podfile.lock",
				"${PODS_ROOT}/Manifest.lock",
			);
			name = "[CP] Check Pods Manifest.lock";
			outputFileListPaths = (
			);
			outputPaths = (
				"$(DERIVED_FILE_DIR)/Pods-Baby Sleeper-checkManifestLockResult.txt",
			);
			runOnlyForDeploymentPostprocessing = 0;
			shellPath = /bin/sh;
			shellScript = "diff \"${PODS_PODFILE_DIR_PATH}/Podfile.lock\" \"${PODS_ROOT}/Manifest.lock\" > /dev/null\nif [ $? != 0 ] ; then\n    # print error to STDERR\n    echo \"error: The sandbox is not in sync with the Podfile.lock. Run 'pod install' or update your CocoaPods installation.\" >&2\n    exit 1\nfi\n# This output is used by Xcode 'outputs' to avoid re-running this script phase.\necho \"SUCCESS\" > \"${SCRIPT_OUTPUT_FILE_0}\"\n";
			showEnvVarsInLog = 0;
		};
		BADB8E42454B5E979D36BFFB /* [CP] Check Pods Manifest.lock */ = {
			isa = PBXShellScriptBuildPhase;
			buildActionMask = 2147483647;
			files = (
			);
			inputFileListPaths = (
			);
			inputPaths = (
				"${PODS_PODFILE_DIR_PATH}/Podfile.lock",
				"${PODS_ROOT}/Manifest.lock",
			);
			name = "[CP] Check Pods Manifest.lock";
			outputFileListPaths = (
			);
			outputPaths = (
				"$(DERIVED_FILE_DIR)/Pods-Baby Sleeper-Baby SleeperUITests-checkManifestLockResult.txt",
			);
			runOnlyForDeploymentPostprocessing = 0;
			shellPath = /bin/sh;
			shellScript = "diff \"${PODS_PODFILE_DIR_PATH}/Podfile.lock\" \"${PODS_ROOT}/Manifest.lock\" > /dev/null\nif [ $? != 0 ] ; then\n    # print error to STDERR\n    echo \"error: The sandbox is not in sync with the Podfile.lock. Run 'pod install' or update your CocoaPods installation.\" >&2\n    exit 1\nfi\n# This output is used by Xcode 'outputs' to avoid re-running this script phase.\necho \"SUCCESS\" > \"${SCRIPT_OUTPUT_FILE_0}\"\n";
			showEnvVarsInLog = 0;
		};
		FD50BFAA44ACE96F46EC4BDD /* [CP] Embed Pods Frameworks */ = {
			isa = PBXShellScriptBuildPhase;
			buildActionMask = 2147483647;
			files = (
			);
			inputFileListPaths = (
				"${PODS_ROOT}/Target Support Files/Pods-Baby Sleeper-Baby SleeperUITests/Pods-Baby Sleeper-Baby SleeperUITests-frameworks-${CONFIGURATION}-input-files.xcfilelist",
			);
			name = "[CP] Embed Pods Frameworks";
			outputFileListPaths = (
				"${PODS_ROOT}/Target Support Files/Pods-Baby Sleeper-Baby SleeperUITests/Pods-Baby Sleeper-Baby SleeperUITests-frameworks-${CONFIGURATION}-output-files.xcfilelist",
			);
			runOnlyForDeploymentPostprocessing = 0;
			shellPath = /bin/sh;
			shellScript = "\"${PODS_ROOT}/Target Support Files/Pods-Baby Sleeper-Baby SleeperUITests/Pods-Baby Sleeper-Baby SleeperUITests-frameworks.sh\"\n";
			showEnvVarsInLog = 0;
		};
/* End PBXShellScriptBuildPhase section */

/* Begin PBXSourcesBuildPhase section */
		B7060B1528944F0600FF042D /* Sources */ = {
			isa = PBXSourcesBuildPhase;
			buildActionMask = 2147483647;
			files = (
				B765A91928955B6A0009BC1C /* MixViewController.swift in Sources */,
				B7060B2128944F0600FF042D /* ViewController.swift in Sources */,
				B720D0B6289853DD004B2715 /* RemoveViewController.swift in Sources */,
				B780F914289AF1B600C1659C /* MixPlayerViewController.swift in Sources */,
				B7060B1D28944F0600FF042D /* AppDelegate.swift in Sources */,
				B7060B1F28944F0600FF042D /* SceneDelegate.swift in Sources */,
				B7060B5928946EB800FF042D /* PlayerViewController.swift in Sources */,
				B7060B5628945DFC00FF042D /* Extension.swift in Sources */,
				B765A91C28955BA40009BC1C /* MixesTableViewCell.swift in Sources */,
				B780F917289AF3F600C1659C /* MixPlayerTableViewCell.swift in Sources */,
				B7060B5B28946EEE00FF042D /* PlayerCollectionViewCell.swift in Sources */,
				B7060B5428945D2900FF042D /* SettingsTableViewCell.swift in Sources */,
				B75447A5289725D0009488E4 /* TimerViewController.swift in Sources */,
				B7060B5128945CCE00FF042D /* SettingsViewController.swift in Sources */,
			);
			runOnlyForDeploymentPostprocessing = 0;
		};
		B7060B2B28944F0800FF042D /* Sources */ = {
			isa = PBXSourcesBuildPhase;
			buildActionMask = 2147483647;
			files = (
				B7060B3428944F0800FF042D /* Baby_SleeperTests.swift in Sources */,
			);
			runOnlyForDeploymentPostprocessing = 0;
		};
		B7060B3528944F0800FF042D /* Sources */ = {
			isa = PBXSourcesBuildPhase;
			buildActionMask = 2147483647;
			files = (
				B7060B3E28944F0800FF042D /* Baby_SleeperUITests.swift in Sources */,
				B7060B4028944F0800FF042D /* Baby_SleeperUITestsLaunchTests.swift in Sources */,
			);
			runOnlyForDeploymentPostprocessing = 0;
		};
/* End PBXSourcesBuildPhase section */

/* Begin PBXTargetDependency section */
		B7060B3128944F0800FF042D /* PBXTargetDependency */ = {
			isa = PBXTargetDependency;
			target = B7060B1828944F0600FF042D /* Baby Sleeper */;
			targetProxy = B7060B3028944F0800FF042D /* PBXContainerItemProxy */;
		};
		B7060B3B28944F0800FF042D /* PBXTargetDependency */ = {
			isa = PBXTargetDependency;
			target = B7060B1828944F0600FF042D /* Baby Sleeper */;
			targetProxy = B7060B3A28944F0800FF042D /* PBXContainerItemProxy */;
		};
/* End PBXTargetDependency section */

/* Begin PBXVariantGroup section */
		B7060B2228944F0600FF042D /* Main.storyboard */ = {
			isa = PBXVariantGroup;
			children = (
				B7060B2328944F0600FF042D /* Base */,
			);
			name = Main.storyboard;
			sourceTree = "<group>";
		};
		B7060B2728944F0800FF042D /* LaunchScreen.storyboard */ = {
			isa = PBXVariantGroup;
			children = (
				B7060B2828944F0800FF042D /* Base */,
			);
			name = LaunchScreen.storyboard;
			sourceTree = "<group>";
		};
/* End PBXVariantGroup section */

/* Begin XCBuildConfiguration section */
		B7060B4128944F0800FF042D /* Debug */ = {
			isa = XCBuildConfiguration;
			buildSettings = {
				ALWAYS_SEARCH_USER_PATHS = NO;
				CLANG_ANALYZER_NONNULL = YES;
				CLANG_ANALYZER_NUMBER_OBJECT_CONVERSION = YES_AGGRESSIVE;
				CLANG_CXX_LANGUAGE_STANDARD = "gnu++17";
				CLANG_ENABLE_MODULES = YES;
				CLANG_ENABLE_OBJC_ARC = YES;
				CLANG_ENABLE_OBJC_WEAK = YES;
				CLANG_WARN_BLOCK_CAPTURE_AUTORELEASING = YES;
				CLANG_WARN_BOOL_CONVERSION = YES;
				CLANG_WARN_COMMA = YES;
				CLANG_WARN_CONSTANT_CONVERSION = YES;
				CLANG_WARN_DEPRECATED_OBJC_IMPLEMENTATIONS = YES;
				CLANG_WARN_DIRECT_OBJC_ISA_USAGE = YES_ERROR;
				CLANG_WARN_DOCUMENTATION_COMMENTS = YES;
				CLANG_WARN_EMPTY_BODY = YES;
				CLANG_WARN_ENUM_CONVERSION = YES;
				CLANG_WARN_INFINITE_RECURSION = YES;
				CLANG_WARN_INT_CONVERSION = YES;
				CLANG_WARN_NON_LITERAL_NULL_CONVERSION = YES;
				CLANG_WARN_OBJC_IMPLICIT_RETAIN_SELF = YES;
				CLANG_WARN_OBJC_LITERAL_CONVERSION = YES;
				CLANG_WARN_OBJC_ROOT_CLASS = YES_ERROR;
				CLANG_WARN_QUOTED_INCLUDE_IN_FRAMEWORK_HEADER = YES;
				CLANG_WARN_RANGE_LOOP_ANALYSIS = YES;
				CLANG_WARN_STRICT_PROTOTYPES = YES;
				CLANG_WARN_SUSPICIOUS_MOVE = YES;
				CLANG_WARN_UNGUARDED_AVAILABILITY = YES_AGGRESSIVE;
				CLANG_WARN_UNREACHABLE_CODE = YES;
				CLANG_WARN__DUPLICATE_METHOD_MATCH = YES;
				COPY_PHASE_STRIP = NO;
				DEBUG_INFORMATION_FORMAT = dwarf;
				ENABLE_STRICT_OBJC_MSGSEND = YES;
				ENABLE_TESTABILITY = YES;
				GCC_C_LANGUAGE_STANDARD = gnu11;
				GCC_DYNAMIC_NO_PIC = NO;
				GCC_NO_COMMON_BLOCKS = YES;
				GCC_OPTIMIZATION_LEVEL = 0;
				GCC_PREPROCESSOR_DEFINITIONS = (
					"DEBUG=1",
					"$(inherited)",
				);
				GCC_WARN_64_TO_32_BIT_CONVERSION = YES;
				GCC_WARN_ABOUT_RETURN_TYPE = YES_ERROR;
				GCC_WARN_UNDECLARED_SELECTOR = YES;
				GCC_WARN_UNINITIALIZED_AUTOS = YES_AGGRESSIVE;
				GCC_WARN_UNUSED_FUNCTION = YES;
				GCC_WARN_UNUSED_VARIABLE = YES;
				IPHONEOS_DEPLOYMENT_TARGET = 15.5;
				MTL_ENABLE_DEBUG_INFO = INCLUDE_SOURCE;
				MTL_FAST_MATH = YES;
				ONLY_ACTIVE_ARCH = YES;
				SDKROOT = iphoneos;
				SWIFT_ACTIVE_COMPILATION_CONDITIONS = DEBUG;
				SWIFT_OPTIMIZATION_LEVEL = "-Onone";
			};
			name = Debug;
		};
		B7060B4228944F0800FF042D /* Release */ = {
			isa = XCBuildConfiguration;
			buildSettings = {
				ALWAYS_SEARCH_USER_PATHS = NO;
				CLANG_ANALYZER_NONNULL = YES;
				CLANG_ANALYZER_NUMBER_OBJECT_CONVERSION = YES_AGGRESSIVE;
				CLANG_CXX_LANGUAGE_STANDARD = "gnu++17";
				CLANG_ENABLE_MODULES = YES;
				CLANG_ENABLE_OBJC_ARC = YES;
				CLANG_ENABLE_OBJC_WEAK = YES;
				CLANG_WARN_BLOCK_CAPTURE_AUTORELEASING = YES;
				CLANG_WARN_BOOL_CONVERSION = YES;
				CLANG_WARN_COMMA = YES;
				CLANG_WARN_CONSTANT_CONVERSION = YES;
				CLANG_WARN_DEPRECATED_OBJC_IMPLEMENTATIONS = YES;
				CLANG_WARN_DIRECT_OBJC_ISA_USAGE = YES_ERROR;
				CLANG_WARN_DOCUMENTATION_COMMENTS = YES;
				CLANG_WARN_EMPTY_BODY = YES;
				CLANG_WARN_ENUM_CONVERSION = YES;
				CLANG_WARN_INFINITE_RECURSION = YES;
				CLANG_WARN_INT_CONVERSION = YES;
				CLANG_WARN_NON_LITERAL_NULL_CONVERSION = YES;
				CLANG_WARN_OBJC_IMPLICIT_RETAIN_SELF = YES;
				CLANG_WARN_OBJC_LITERAL_CONVERSION = YES;
				CLANG_WARN_OBJC_ROOT_CLASS = YES_ERROR;
				CLANG_WARN_QUOTED_INCLUDE_IN_FRAMEWORK_HEADER = YES;
				CLANG_WARN_RANGE_LOOP_ANALYSIS = YES;
				CLANG_WARN_STRICT_PROTOTYPES = YES;
				CLANG_WARN_SUSPICIOUS_MOVE = YES;
				CLANG_WARN_UNGUARDED_AVAILABILITY = YES_AGGRESSIVE;
				CLANG_WARN_UNREACHABLE_CODE = YES;
				CLANG_WARN__DUPLICATE_METHOD_MATCH = YES;
				COPY_PHASE_STRIP = NO;
				DEBUG_INFORMATION_FORMAT = "dwarf-with-dsym";
				ENABLE_NS_ASSERTIONS = NO;
				ENABLE_STRICT_OBJC_MSGSEND = YES;
				GCC_C_LANGUAGE_STANDARD = gnu11;
				GCC_NO_COMMON_BLOCKS = YES;
				GCC_WARN_64_TO_32_BIT_CONVERSION = YES;
				GCC_WARN_ABOUT_RETURN_TYPE = YES_ERROR;
				GCC_WARN_UNDECLARED_SELECTOR = YES;
				GCC_WARN_UNINITIALIZED_AUTOS = YES_AGGRESSIVE;
				GCC_WARN_UNUSED_FUNCTION = YES;
				GCC_WARN_UNUSED_VARIABLE = YES;
				IPHONEOS_DEPLOYMENT_TARGET = 15.5;
				MTL_ENABLE_DEBUG_INFO = NO;
				MTL_FAST_MATH = YES;
				SDKROOT = iphoneos;
				SWIFT_COMPILATION_MODE = wholemodule;
				SWIFT_OPTIMIZATION_LEVEL = "-O";
				VALIDATE_PRODUCT = YES;
			};
			name = Release;
		};
		B7060B4428944F0800FF042D /* Debug */ = {
			isa = XCBuildConfiguration;
			baseConfigurationReference = 7CE8CF1298B7377C510EE92A /* Pods-Baby Sleeper.debug.xcconfig */;
			buildSettings = {
				ASSETCATALOG_COMPILER_APPICON_NAME = AppIcon;
				ASSETCATALOG_COMPILER_GLOBAL_ACCENT_COLOR_NAME = AccentColor;
				CODE_SIGN_IDENTITY = "Apple Development";
				CODE_SIGN_STYLE = Automatic;
				CURRENT_PROJECT_VERSION = 1;
				DEVELOPMENT_TEAM = CDLRAYVNZ9;
				GENERATE_INFOPLIST_FILE = YES;
				INFOPLIST_FILE = "Baby Sleeper/Info.plist";
				INFOPLIST_KEY_CFBundleDisplayName = babysleeper;
				INFOPLIST_KEY_UIApplicationSupportsIndirectInputEvents = YES;
				INFOPLIST_KEY_UILaunchStoryboardName = LaunchScreen;
				INFOPLIST_KEY_UIMainStoryboardFile = Main;
				INFOPLIST_KEY_UISupportedInterfaceOrientations_iPad = "UIInterfaceOrientationPortrait UIInterfaceOrientationPortraitUpsideDown UIInterfaceOrientationLandscapeLeft UIInterfaceOrientationLandscapeRight";
				INFOPLIST_KEY_UISupportedInterfaceOrientations_iPhone = "UIInterfaceOrientationPortrait UIInterfaceOrientationLandscapeLeft UIInterfaceOrientationLandscapeRight";
				LD_RUNPATH_SEARCH_PATHS = (
					"$(inherited)",
					"@executable_path/Frameworks",
				);
				MARKETING_VERSION = 1.0;
				NEW_SETTING = "";
				PRODUCT_BUNDLE_IDENTIFIER = com.SIX11.babysleeperproo;
				PRODUCT_NAME = "$(TARGET_NAME)";
				PROVISIONING_PROFILE_SPECIFIER = "";
				SWIFT_EMIT_LOC_STRINGS = YES;
				SWIFT_VERSION = 5.0;
				TARGETED_DEVICE_FAMILY = "1,2";
			};
			name = Debug;
		};
		B7060B4528944F0800FF042D /* Release */ = {
			isa = XCBuildConfiguration;
			baseConfigurationReference = B527A7D1BD0C9E94DA4CF2BD /* Pods-Baby Sleeper.release.xcconfig */;
			buildSettings = {
				ASSETCATALOG_COMPILER_APPICON_NAME = AppIcon;
				ASSETCATALOG_COMPILER_GLOBAL_ACCENT_COLOR_NAME = AccentColor;
				CODE_SIGN_IDENTITY = "Apple Development";
				CODE_SIGN_STYLE = Automatic;
				CURRENT_PROJECT_VERSION = 1;
				DEVELOPMENT_TEAM = CDLRAYVNZ9;
				GENERATE_INFOPLIST_FILE = YES;
				INFOPLIST_FILE = "Baby Sleeper/Info.plist";
				INFOPLIST_KEY_CFBundleDisplayName = babysleeper;
				INFOPLIST_KEY_UIApplicationSupportsIndirectInputEvents = YES;
				INFOPLIST_KEY_UILaunchStoryboardName = LaunchScreen;
				INFOPLIST_KEY_UIMainStoryboardFile = Main;
				INFOPLIST_KEY_UISupportedInterfaceOrientations_iPad = "UIInterfaceOrientationPortrait UIInterfaceOrientationPortraitUpsideDown UIInterfaceOrientationLandscapeLeft UIInterfaceOrientationLandscapeRight";
				INFOPLIST_KEY_UISupportedInterfaceOrientations_iPhone = "UIInterfaceOrientationPortrait UIInterfaceOrientationLandscapeLeft UIInterfaceOrientationLandscapeRight";
				LD_RUNPATH_SEARCH_PATHS = (
					"$(inherited)",
					"@executable_path/Frameworks",
				);
				MARKETING_VERSION = 1.0;
				NEW_SETTING = "";
				PRODUCT_BUNDLE_IDENTIFIER = com.SIX11.babysleeperproo;
				PRODUCT_NAME = "$(TARGET_NAME)";
				PROVISIONING_PROFILE_SPECIFIER = "";
				SWIFT_EMIT_LOC_STRINGS = YES;
				SWIFT_VERSION = 5.0;
				TARGETED_DEVICE_FAMILY = "1,2";
			};
			name = Release;
		};
		B7060B4728944F0800FF042D /* Debug */ = {
			isa = XCBuildConfiguration;
			baseConfigurationReference = 554F30FC9B9094BDF08052B4 /* Pods-Baby SleeperTests.debug.xcconfig */;
			buildSettings = {
				ALWAYS_EMBED_SWIFT_STANDARD_LIBRARIES = YES;
				BUNDLE_LOADER = "$(TEST_HOST)";
				CODE_SIGN_STYLE = Automatic;
				CURRENT_PROJECT_VERSION = 1;
				DEVELOPMENT_TEAM = PCV3VLUN64;
				GENERATE_INFOPLIST_FILE = YES;
				IPHONEOS_DEPLOYMENT_TARGET = 15.5;
				MARKETING_VERSION = 1.0;
				PRODUCT_BUNDLE_IDENTIFIER = "com.babysleeper.Baby-SleeperTests";
				PRODUCT_NAME = "$(TARGET_NAME)";
				SWIFT_EMIT_LOC_STRINGS = NO;
				SWIFT_VERSION = 5.0;
				TARGETED_DEVICE_FAMILY = "1,2";
				TEST_HOST = "$(BUILT_PRODUCTS_DIR)/Baby Sleeper.app/Baby Sleeper";
			};
			name = Debug;
		};
		B7060B4828944F0800FF042D /* Release */ = {
			isa = XCBuildConfiguration;
			baseConfigurationReference = 8768B2A06553C6132CACD622 /* Pods-Baby SleeperTests.release.xcconfig */;
			buildSettings = {
				ALWAYS_EMBED_SWIFT_STANDARD_LIBRARIES = YES;
				BUNDLE_LOADER = "$(TEST_HOST)";
				CODE_SIGN_STYLE = Automatic;
				CURRENT_PROJECT_VERSION = 1;
				DEVELOPMENT_TEAM = PCV3VLUN64;
				GENERATE_INFOPLIST_FILE = YES;
				IPHONEOS_DEPLOYMENT_TARGET = 15.5;
				MARKETING_VERSION = 1.0;
				PRODUCT_BUNDLE_IDENTIFIER = "com.babysleeper.Baby-SleeperTests";
				PRODUCT_NAME = "$(TARGET_NAME)";
				SWIFT_EMIT_LOC_STRINGS = NO;
				SWIFT_VERSION = 5.0;
				TARGETED_DEVICE_FAMILY = "1,2";
				TEST_HOST = "$(BUILT_PRODUCTS_DIR)/Baby Sleeper.app/Baby Sleeper";
			};
			name = Release;
		};
		B7060B4A28944F0800FF042D /* Debug */ = {
			isa = XCBuildConfiguration;
			baseConfigurationReference = 4F76029C3540273F2A829804 /* Pods-Baby Sleeper-Baby SleeperUITests.debug.xcconfig */;
			buildSettings = {
				ALWAYS_EMBED_SWIFT_STANDARD_LIBRARIES = YES;
				CODE_SIGN_STYLE = Automatic;
				CURRENT_PROJECT_VERSION = 1;
				DEVELOPMENT_TEAM = PCV3VLUN64;
				GENERATE_INFOPLIST_FILE = YES;
				MARKETING_VERSION = 1.0;
				PRODUCT_BUNDLE_IDENTIFIER = "com.babysleeper.Baby-SleeperUITests";
				PRODUCT_NAME = "$(TARGET_NAME)";
				SWIFT_EMIT_LOC_STRINGS = NO;
				SWIFT_VERSION = 5.0;
				TARGETED_DEVICE_FAMILY = "1,2";
				TEST_TARGET_NAME = "Baby Sleeper";
			};
			name = Debug;
		};
		B7060B4B28944F0800FF042D /* Release */ = {
			isa = XCBuildConfiguration;
			baseConfigurationReference = 8AB0FC64B091FD13FB9DB99A /* Pods-Baby Sleeper-Baby SleeperUITests.release.xcconfig */;
			buildSettings = {
				ALWAYS_EMBED_SWIFT_STANDARD_LIBRARIES = YES;
				CODE_SIGN_STYLE = Automatic;
				CURRENT_PROJECT_VERSION = 1;
				DEVELOPMENT_TEAM = PCV3VLUN64;
				GENERATE_INFOPLIST_FILE = YES;
				MARKETING_VERSION = 1.0;
				PRODUCT_BUNDLE_IDENTIFIER = "com.babysleeper.Baby-SleeperUITests";
				PRODUCT_NAME = "$(TARGET_NAME)";
				SWIFT_EMIT_LOC_STRINGS = NO;
				SWIFT_VERSION = 5.0;
				TARGETED_DEVICE_FAMILY = "1,2";
				TEST_TARGET_NAME = "Baby Sleeper";
			};
			name = Release;
		};
/* End XCBuildConfiguration section */

/* Begin XCConfigurationList section */
		B7060B1428944F0600FF042D /* Build configuration list for PBXProject "Baby Sleeper" */ = {
			isa = XCConfigurationList;
			buildConfigurations = (
				B7060B4128944F0800FF042D /* Debug */,
				B7060B4228944F0800FF042D /* Release */,
			);
			defaultConfigurationIsVisible = 0;
			defaultConfigurationName = Release;
		};
		B7060B4328944F0800FF042D /* Build configuration list for PBXNativeTarget "Baby Sleeper" */ = {
			isa = XCConfigurationList;
			buildConfigurations = (
				B7060B4428944F0800FF042D /* Debug */,
				B7060B4528944F0800FF042D /* Release */,
			);
			defaultConfigurationIsVisible = 0;
			defaultConfigurationName = Release;
		};
		B7060B4628944F0800FF042D /* Build configuration list for PBXNativeTarget "Baby SleeperTests" */ = {
			isa = XCConfigurationList;
			buildConfigurations = (
				B7060B4728944F0800FF042D /* Debug */,
				B7060B4828944F0800FF042D /* Release */,
			);
			defaultConfigurationIsVisible = 0;
			defaultConfigurationName = Release;
		};
		B7060B4928944F0800FF042D /* Build configuration list for PBXNativeTarget "Baby SleeperUITests" */ = {
			isa = XCConfigurationList;
			buildConfigurations = (
				B7060B4A28944F0800FF042D /* Debug */,
				B7060B4B28944F0800FF042D /* Release */,
			);
			defaultConfigurationIsVisible = 0;
			defaultConfigurationName = Release;
		};
/* End XCConfigurationList section */
	};
	rootObject = B7060B1128944F0600FF042D /* Project object */;
}
